
Microsoft Visual Studio Solution File, Format Version 12.00
# Visual Studio Version 16
VisualStudioVersion = 16.0.30611.23
MinimumVisualStudioVersion = 10.0.40219.1
Project("{FAE04EC0-301F-11D3-BF4B-00C04F79EFBC}") = "Hokemon", "Hokemon\Hokemon.csproj", "{07FD4A65-42E8-46D9-80FF-4D73DC44ACBA}"
EndProject
Global
	GlobalSection(SolutionConfigurationPlatforms) = preSolution
		Debug|Any CPU = Debug|Any CPU
		Release|Any CPU = Release|Any CPU
	EndGlobalSection
	GlobalSection(ProjectConfigurationPlatforms) = postSolution
		{07FD4A65-42E8-46D9-80FF-4D73DC44ACBA}.Debug|Any CPU.ActiveCfg = Debug|Any CPU
		{07FD4A65-42E8-46D9-80FF-4D73DC44ACBA}.Debug|Any CPU.Build.0 = Debug|Any CPU
		{07FD4A65-42E8-46D9-80FF-4D73DC44ACBA}.Release|Any CPU.ActiveCfg = Release|Any CPU
		{07FD4A65-42E8-46D9-80FF-4D73DC44ACBA}.Release|Any CPU.Build.0 = Release|Any CPU
	EndGlobalSection
	GlobalSection(SolutionProperties) = preSolution
		HideSolutionNode = FALSE
	EndGlobalSection
	GlobalSection(ExtensibilityGlobals) = postSolution
		SolutionGuid = {8D2F7593-45AC-453E-B94F-CBD89B800002}
	EndGlobalSection
EndGlobal
